
Microsoft Visual Studio Solution File, Format Version 12.00
# Visual Studio Version 17
VisualStudioVersion = 17.8.34525.116
MinimumVisualStudioVersion = 10.0.40219.1
Project("{FAE04EC0-301F-11D3-BF4B-00C04F79EFBC}") = "Collections", "Collections\Collections.csproj", "{ED8CE8A3-AF55-44B6-AAF3-7F9B20D069E1}"
EndProject
Global
	GlobalSection(SolutionConfigurationPlatforms) = preSolution
		Debug|Any CPU = Debug|Any CPU
		Release|Any CPU = Release|Any CPU
	EndGlobalSection
	GlobalSection(ProjectConfigurationPlatforms) = postSolution
		{ED8CE8A3-AF55-44B6-AAF3-7F9B20D069E1}.Debug|Any CPU.ActiveCfg = Debug|Any CPU
		{ED8CE8A3-AF55-44B6-AAF3-7F9B20D069E1}.Debug|Any CPU.Build.0 = Debug|Any CPU
		{ED8CE8A3-AF55-44B6-AAF3-7F9B20D069E1}.Release|Any CPU.ActiveCfg = Release|Any CPU
		{ED8CE8A3-AF55-44B6-AAF3-7F9B20D069E1}.Release|Any CPU.Build.0 = Release|Any CPU
	EndGlobalSection
	GlobalSection(SolutionProperties) = preSolution
		HideSolutionNode = FALSE
	EndGlobalSection
	GlobalSection(ExtensibilityGlobals) = postSolution
		SolutionGuid = {022C324E-DAA3-4600-970C-B6BE197975E9}
	EndGlobalSection
EndGlobal
